{
    "name": "@nordcom/prettier",
    "version": "0.1.1",
    "lockfileVersion": 3,
    "requires": true,
    "packages": {
        "": {
            "name": "@nordcom/prettier",
            "version": "0.1.1",
            "license": "MIT",
            "devDependencies": {
                "@types/node": "20.5.4",
                "prettier": "3.0.2"
            }
        },
        "node_modules/@types/node": {
            "version": "20.5.4",
            "resolved": "https://registry.npmjs.org/@types/node/-/node-20.5.4.tgz",
            "integrity": "sha512-Y9vbIAoM31djQZrPYjpTLo0XlaSwOIsrlfE3LpulZeRblttsLQRFRlBAppW0LOxyT3ALj2M5vU1ucQQayQH3jA==",
            "dev": true
        },
        "node_modules/prettier": {
            "version": "3.0.2",
            "resolved": "https://registry.npmjs.org/prettier/-/prettier-3.0.2.tgz",
            "integrity": "sha512-o2YR9qtniXvwEZlOKbveKfDQVyqxbEIWn48Z8m3ZJjBjcCmUy3xZGIv+7AkaeuaTr6yPXJjwv07ZWlsWbEy1rQ==",
            "dev": true,
            "bin": {
                "prettier": "bin/prettier.cjs"
            },
            "engines": {
                "node": ">=14"
            },
            "funding": {
                "url": "https://github.com/prettier/prettier?sponsor=1"
            }
        }
    }
}
