{
    "name": "@nordcom/prettier",
    "version": "0.1.1",
    "lockfileVersion": 3,
    "requires": true,
    "packages": {
        "": {
            "name": "@nordcom/prettier",
            "version": "0.1.1",
            "license": "MIT",
            "devDependencies": {
                "@types/node": "20.8.7",
                "prettier": "3.0.3"
            }
        },
        "node_modules/@types/node": {
            "version": "20.8.7",
            "resolved": "https://registry.npmjs.org/@types/node/-/node-20.8.7.tgz",
            "integrity": "sha512-21TKHHh3eUHIi2MloeptJWALuCu5H7HQTdTrWIFReA8ad+aggoX+lRes3ex7/FtpC+sVUpFMQ+QTfYr74mruiQ==",
            "dev": true,
            "dependencies": {
                "undici-types": "~5.25.1"
            }
        },
        "node_modules/prettier": {
            "version": "3.0.3",
            "resolved": "https://registry.npmjs.org/prettier/-/prettier-3.0.3.tgz",
            "integrity": "sha512-L/4pUDMxcNa8R/EthV08Zt42WBO4h1rarVtK0K+QJG0X187OLo7l699jWw0GKuwzkPQ//jMFA/8Xm6Fh3J/DAg==",
            "dev": true,
            "bin": {
                "prettier": "bin/prettier.cjs"
            },
            "engines": {
                "node": ">=14"
            },
            "funding": {
                "url": "https://github.com/prettier/prettier?sponsor=1"
            }
        },
        "node_modules/undici-types": {
            "version": "5.25.3",
            "resolved": "https://registry.npmjs.org/undici-types/-/undici-types-5.25.3.tgz",
            "integrity": "sha512-Ga1jfYwRn7+cP9v8auvEXN1rX3sWqlayd4HP7OKk4mZWylEmu3KzXDUGrQUN6Ol7qo1gPvB2e5gX6udnyEPgdA==",
            "dev": true
        }
    }
}
